
Microsoft Visual Studio Solution File, Format Version 12.00
# Visual Studio Version 17
VisualStudioVersion = 17.3.32929.385
MinimumVisualStudioVersion = 10.0.40219.1
Project("{FAE04EC0-301F-11D3-BF4B-00C04F79EFBC}") = "NzWalks", "NzWalks\NzWalks.csproj", "{893F590D-7FF6-4020-BA25-E22169E7F86E}"
EndProject
Global
	GlobalSection(SolutionConfigurationPlatforms) = preSolution
		Debug|Any CPU = Debug|Any CPU
		Release|Any CPU = Release|Any CPU
	EndGlobalSection
	GlobalSection(ProjectConfigurationPlatforms) = postSolution
		{893F590D-7FF6-4020-BA25-E22169E7F86E}.Debug|Any CPU.ActiveCfg = Debug|Any CPU
		{893F590D-7FF6-4020-BA25-E22169E7F86E}.Debug|Any CPU.Build.0 = Debug|Any CPU
		{893F590D-7FF6-4020-BA25-E22169E7F86E}.Release|Any CPU.ActiveCfg = Release|Any CPU
		{893F590D-7FF6-4020-BA25-E22169E7F86E}.Release|Any CPU.Build.0 = Release|Any CPU
	EndGlobalSection
	GlobalSection(SolutionProperties) = preSolution
		HideSolutionNode = FALSE
	EndGlobalSection
	GlobalSection(ExtensibilityGlobals) = postSolution
		SolutionGuid = {6E411FF2-8717-4EE9-AD81-B327418182A0}
	EndGlobalSection
EndGlobal
